// !$*UTF8*$!
{
	archiveVersion = 1;
	classes = {
	};
	objectVersion = 46;
	objects = {

/* Begin PBXBuildFile section */
		C400FA541C921A8000E4FED7 /* ElementIterator.swift in Sources */ = {isa = PBXBuildFile; fileRef = C400FA531C921A8000E4FED7 /* ElementIterator.swift */; };
		C400FA561C921BE000E4FED7 /* MatrixElem.swift in Sources */ = {isa = PBXBuildFile; fileRef = C400FA551C921BE000E4FED7 /* MatrixElem.swift */; };
		C400FA581C921C2600E4FED7 /* RowIterator.swift in Sources */ = {isa = PBXBuildFile; fileRef = C400FA571C921C2600E4FED7 /* RowIterator.swift */; };
		C400FA5A1C921CBC00E4FED7 /* LinkedList.swift in Sources */ = {isa = PBXBuildFile; fileRef = C400FA591C921CBC00E4FED7 /* LinkedList.swift */; };
		C4CB18B71C95C7D500A6EB19 /* Node.swift in Sources */ = {isa = PBXBuildFile; fileRef = C4CB18B61C95C7D500A6EB19 /* Node.swift */; };
		C4FCB2781C8E450F00570637 /* main.swift in Sources */ = {isa = PBXBuildFile; fileRef = C4FCB2771C8E450F00570637 /* main.swift */; };
		C4FCB27F1C8E4A1000570637 /* MySparseArray.swift in Sources */ = {isa = PBXBuildFile; fileRef = C4FCB27E1C8E4A1000570637 /* MySparseArray.swift */; };
		C4FCB2811C8E4A5600570637 /* SparseArray.swift in Sources */ = {isa = PBXBuildFile; fileRef = C4FCB2801C8E4A5600570637 /* SparseArray.swift */; };
		C4FCB2831C8E4B6500570637 /* ColumnIterator.swift in Sources */ = {isa = PBXBuildFile; fileRef = C4FCB2821C8E4B6500570637 /* ColumnIterator.swift */; };
/* End PBXBuildFile section */

/* Begin PBXCopyFilesBuildPhase section */
		C4FCB2721C8E450F00570637 /* CopyFiles */ = {
			isa = PBXCopyFilesBuildPhase;
			buildActionMask = 2147483647;
			dstPath = /usr/share/man/man1/;
			dstSubfolderSpec = 0;
			files = (
			);
			runOnlyForDeploymentPostprocessing = 1;
		};
/* End PBXCopyFilesBuildPhase section */

/* Begin PBXFileReference section */
		C400FA531C921A8000E4FED7 /* ElementIterator.swift */ = {isa = PBXFileReference; fileEncoding = 4; lastKnownFileType = sourcecode.swift; path = ElementIterator.swift; sourceTree = "<group>"; };
		C400FA551C921BE000E4FED7 /* MatrixElem.swift */ = {isa = PBXFileReference; fileEncoding = 4; lastKnownFileType = sourcecode.swift; path = MatrixElem.swift; sourceTree = "<group>"; };
		C400FA571C921C2600E4FED7 /* RowIterator.swift */ = {isa = PBXFileReference; fileEncoding = 4; lastKnownFileType = sourcecode.swift; path = RowIterator.swift; sourceTree = "<group>"; };
		C400FA591C921CBC00E4FED7 /* LinkedList.swift */ = {isa = PBXFileReference; fileEncoding = 4; lastKnownFileType = sourcecode.swift; path = LinkedList.swift; sourceTree = "<group>"; };
		C4CB18B61C95C7D500A6EB19 /* Node.swift */ = {isa = PBXFileReference; fileEncoding = 4; lastKnownFileType = sourcecode.swift; path = Node.swift; sourceTree = "<group>"; };
		C4FCB2741C8E450F00570637 /* Life */ = {isa = PBXFileReference; explicitFileType = "compiled.mach-o.executable"; includeInIndex = 0; path = Life; sourceTree = BUILT_PRODUCTS_DIR; };
		C4FCB2771C8E450F00570637 /* main.swift */ = {isa = PBXFileReference; lastKnownFileType = sourcecode.swift; path = main.swift; sourceTree = "<group>"; };
		C4FCB27E1C8E4A1000570637 /* MySparseArray.swift */ = {isa = PBXFileReference; fileEncoding = 4; lastKnownFileType = sourcecode.swift; path = MySparseArray.swift; sourceTree = "<group>"; };
		C4FCB2801C8E4A5600570637 /* SparseArray.swift */ = {isa = PBXFileReference; fileEncoding = 4; lastKnownFileType = sourcecode.swift; path = SparseArray.swift; sourceTree = "<group>"; };
		C4FCB2821C8E4B6500570637 /* ColumnIterator.swift */ = {isa = PBXFileReference; fileEncoding = 4; lastKnownFileType = sourcecode.swift; path = ColumnIterator.swift; sourceTree = "<group>"; };
/* End PBXFileReference section */

/* Begin PBXFrameworksBuildPhase section */
		C4FCB2711C8E450F00570637 /* Frameworks */ = {
			isa = PBXFrameworksBuildPhase;
			buildActionMask = 2147483647;
			files = (
			);
			runOnlyForDeploymentPostprocessing = 0;
		};
/* End PBXFrameworksBuildPhase section */

/* Begin PBXGroup section */
		C4FCB26B1C8E450F00570637 = {
			isa = PBXGroup;
			children = (
				C4FCB2761C8E450F00570637 /* Life */,
				C4FCB2751C8E450F00570637 /* Products */,
			);
			sourceTree = "<group>";
		};
		C4FCB2751C8E450F00570637 /* Products */ = {
			isa = PBXGroup;
			children = (
				C4FCB2741C8E450F00570637 /* Life */,
			);
			name = Products;
			sourceTree = "<group>";
		};
		C4FCB2761C8E450F00570637 /* Life */ = {
			isa = PBXGroup;
			children = (
				C4FCB2771C8E450F00570637 /* main.swift */,
				C4FCB27E1C8E4A1000570637 /* MySparseArray.swift */,
				C4FCB2801C8E4A5600570637 /* SparseArray.swift */,
				C4FCB2821C8E4B6500570637 /* ColumnIterator.swift */,
				C400FA531C921A8000E4FED7 /* ElementIterator.swift */,
				C400FA551C921BE000E4FED7 /* MatrixElem.swift */,
				C400FA571C921C2600E4FED7 /* RowIterator.swift */,
				C400FA591C921CBC00E4FED7 /* LinkedList.swift */,
				C4CB18B61C95C7D500A6EB19 /* Node.swift */,
			);
			path = Life;
			sourceTree = "<group>";
		};
/* End PBXGroup section */

/* Begin PBXNativeTarget section */
		C4FCB2731C8E450F00570637 /* Life */ = {
			isa = PBXNativeTarget;
			buildConfigurationList = C4FCB27B1C8E450F00570637 /* Build configuration list for PBXNativeTarget "Life" */;
			buildPhases = (
				C4FCB2701C8E450F00570637 /* Sources */,
				C4FCB2711C8E450F00570637 /* Frameworks */,
				C4FCB2721C8E450F00570637 /* CopyFiles */,
			);
			buildRules = (
			);
			dependencies = (
			);
			name = Life;
			productName = Life;
			productReference = C4FCB2741C8E450F00570637 /* Life */;
			productType = "com.apple.product-type.tool";
		};
/* End PBXNativeTarget section */

/* Begin PBXProject section */
		C4FCB26C1C8E450F00570637 /* Project object */ = {
			isa = PBXProject;
			attributes = {
				LastSwiftUpdateCheck = 0720;
				LastUpgradeCheck = 0720;
				ORGANIZATIONNAME = Refabricants;
				TargetAttributes = {
					C4FCB2731C8E450F00570637 = {
						CreatedOnToolsVersion = 7.2.1;
					};
				};
			};
			buildConfigurationList = C4FCB26F1C8E450F00570637 /* Build configuration list for PBXProject "Life" */;
			compatibilityVersion = "Xcode 3.2";
			developmentRegion = English;
			hasScannedForEncodings = 0;
			knownRegions = (
				en,
			);
			mainGroup = C4FCB26B1C8E450F00570637;
			productRefGroup = C4FCB2751C8E450F00570637 /* Products */;
			projectDirPath = "";
			projectRoot = "";
			targets = (
				C4FCB2731C8E450F00570637 /* Life */,
			);
		};
/* End PBXProject section */

/* Begin PBXSourcesBuildPhase section */
		C4FCB2701C8E450F00570637 /* Sources */ = {
			isa = PBXSourcesBuildPhase;
			buildActionMask = 2147483647;
			files = (
				C4FCB2781C8E450F00570637 /* main.swift in Sources */,
				C400FA581C921C2600E4FED7 /* RowIterator.swift in Sources */,
				C4FCB27F1C8E4A1000570637 /* MySparseArray.swift in Sources */,
				C4CB18B71C95C7D500A6EB19 /* Node.swift in Sources */,
				C4FCB2811C8E4A5600570637 /* SparseArray.swift in Sources */,
				C4FCB2831C8E4B6500570637 /* ColumnIterator.swift in Sources */,
				C400FA541C921A8000E4FED7 /* ElementIterator.swift in Sources */,
				C400FA5A1C921CBC00E4FED7 /* LinkedList.swift in Sources */,
				C400FA561C921BE000E4FED7 /* MatrixElem.swift in Sources */,
			);
			runOnlyForDeploymentPostprocessing = 0;
		};
/* End PBXSourcesBuildPhase section */

/* Begin XCBuildConfiguration section */
		C4FCB2791C8E450F00570637 /* Debug */ = {
			isa = XCBuildConfiguration;
			buildSettings = {
				ALWAYS_SEARCH_USER_PATHS = NO;
				CLANG_CXX_LANGUAGE_STANDARD = "gnu++0x";
				CLANG_CXX_LIBRARY = "libc++";
				CLANG_ENABLE_MODULES = YES;
				CLANG_ENABLE_OBJC_ARC = YES;
				CLANG_WARN_BOOL_CONVERSION = YES;
				CLANG_WARN_CONSTANT_CONVERSION = YES;
				CLANG_WARN_DIRECT_OBJC_ISA_USAGE = YES_ERROR;
				CLANG_WARN_EMPTY_BODY = YES;
				CLANG_WARN_ENUM_CONVERSION = YES;
				CLANG_WARN_INT_CONVERSION = YES;
				CLANG_WARN_OBJC_ROOT_CLASS = YES_ERROR;
				CLANG_WARN_UNREACHABLE_CODE = YES;
				CLANG_WARN__DUPLICATE_METHOD_MATCH = YES;
				CODE_SIGN_IDENTITY = "-";
				COPY_PHASE_STRIP = NO;
				DEBUG_INFORMATION_FORMAT = dwarf;
				ENABLE_STRICT_OBJC_MSGSEND = YES;
				ENABLE_TESTABILITY = YES;
				GCC_C_LANGUAGE_STANDARD = gnu99;
				GCC_DYNAMIC_NO_PIC = NO;
				GCC_NO_COMMON_BLOCKS = YES;
				GCC_OPTIMIZATION_LEVEL = 0;
				GCC_PREPROCESSOR_DEFINITIONS = (
					"DEBUG=1",
					"$(inherited)",
				);
				GCC_WARN_64_TO_32_BIT_CONVERSION = YES;
				GCC_WARN_ABOUT_RETURN_TYPE = YES_ERROR;
				GCC_WARN_UNDECLARED_SELECTOR = YES;
				GCC_WARN_UNINITIALIZED_AUTOS = YES_AGGRESSIVE;
				GCC_WARN_UNUSED_FUNCTION = YES;
				GCC_WARN_UNUSED_VARIABLE = YES;
				MACOSX_DEPLOYMENT_TARGET = 10.11;
				MTL_ENABLE_DEBUG_INFO = YES;
				ONLY_ACTIVE_ARCH = YES;
				SDKROOT = macosx;
				SWIFT_OPTIMIZATION_LEVEL = "-Onone";
			};
			name = Debug;
		};
		C4FCB27A1C8E450F00570637 /* Release */ = {
			isa = XCBuildConfiguration;
			buildSettings = {
				ALWAYS_SEARCH_USER_PATHS = NO;
				CLANG_CXX_LANGUAGE_STANDARD = "gnu++0x";
				CLANG_CXX_LIBRARY = "libc++";
				CLANG_ENABLE_MODULES = YES;
				CLANG_ENABLE_OBJC_ARC = YES;
				CLANG_WARN_BOOL_CONVERSION = YES;
				CLANG_WARN_CONSTANT_CONVERSION = YES;
				CLANG_WARN_DIRECT_OBJC_ISA_USAGE = YES_ERROR;
				CLANG_WARN_EMPTY_BODY = YES;
				CLANG_WARN_ENUM_CONVERSION = YES;
				CLANG_WARN_INT_CONVERSION = YES;
				CLANG_WARN_OBJC_ROOT_CLASS = YES_ERROR;
				CLANG_WARN_UNREACHABLE_CODE = YES;
				CLANG_WARN__DUPLICATE_METHOD_MATCH = YES;
				CODE_SIGN_IDENTITY = "-";
				COPY_PHASE_STRIP = NO;
				DEBUG_INFORMATION_FORMAT = "dwarf-with-dsym";
				ENABLE_NS_ASSERTIONS = NO;
				ENABLE_STRICT_OBJC_MSGSEND = YES;
				GCC_C_LANGUAGE_STANDARD = gnu99;
				GCC_NO_COMMON_BLOCKS = YES;
				GCC_WARN_64_TO_32_BIT_CONVERSION = YES;
				GCC_WARN_ABOUT_RETURN_TYPE = YES_ERROR;
				GCC_WARN_UNDECLARED_SELECTOR = YES;
				GCC_WARN_UNINITIALIZED_AUTOS = YES_AGGRESSIVE;
				GCC_WARN_UNUSED_FUNCTION = YES;
				GCC_WARN_UNUSED_VARIABLE = YES;
				MACOSX_DEPLOYMENT_TARGET = 10.11;
				MTL_ENABLE_DEBUG_INFO = NO;
				SDKROOT = macosx;
			};
			name = Release;
		};
		C4FCB27C1C8E450F00570637 /* Debug */ = {
			isa = XCBuildConfiguration;
			buildSettings = {
				PRODUCT_NAME = "$(TARGET_NAME)";
			};
			name = Debug;
		};
		C4FCB27D1C8E450F00570637 /* Release */ = {
			isa = XCBuildConfiguration;
			buildSettings = {
				PRODUCT_NAME = "$(TARGET_NAME)";
			};
			name = Release;
		};
/* End XCBuildConfiguration section */

/* Begin XCConfigurationList section */
		C4FCB26F1C8E450F00570637 /* Build configuration list for PBXProject "Life" */ = {
			isa = XCConfigurationList;
			buildConfigurations = (
				C4FCB2791C8E450F00570637 /* Debug */,
				C4FCB27A1C8E450F00570637 /* Release */,
			);
			defaultConfigurationIsVisible = 0;
			defaultConfigurationName = Release;
		};
		C4FCB27B1C8E450F00570637 /* Build configuration list for PBXNativeTarget "Life" */ = {
			isa = XCConfigurationList;
			buildConfigurations = (
				C4FCB27C1C8E450F00570637 /* Debug */,
				C4FCB27D1C8E450F00570637 /* Release */,
			);
			defaultConfigurationIsVisible = 0;
			defaultConfigurationName = Release;
		};
/* End XCConfigurationList section */
	};
	rootObject = C4FCB26C1C8E450F00570637 /* Project object */;
}
